
Microsoft Visual Studio Solution File, Format Version 12.00
# Visual Studio Version 17
VisualStudioVersion = 17.0.31903.59
MinimumVisualStudioVersion = 10.0.40219.1
Project("{FAE04EC0-301F-11D3-BF4B-00C04F79EFBC}") = "CSharPN.Core", "src\CSharPN.Core\CSharPN.Core.csproj", "{A1B2C3D4-0001-0001-0001-000000000001}"
EndProject
Project("{FAE04EC0-301F-11D3-BF4B-00C04F79EFBC}") = "DiningPhilosophers", "examples\DiningPhilosophers\DiningPhilosophers.csproj", "{A1B2C3D4-0002-0002-0002-000000000002}"
EndProject
Project("{FAE04EC0-301F-11D3-BF4B-00C04F79EFBC}") = "CSharPN.Core.Tests", "tests\CSharPN.Core.Tests\CSharPN.Core.Tests.csproj", "{A1B2C3D4-0003-0003-0003-000000000003}"
EndProject
Project("{FAE04EC0-301F-11D3-BF4B-00C04F79EFBC}") = "ClassicExamples", "examples\ClassicExamples\ClassicExamples.csproj", "{A1B2C3D4-0004-0004-0004-000000000004}"
EndProject
Project("{FAE04EC0-301F-11D3-BF4B-00C04F79EFBC}") = "TimedExamples", "examples\TimedExamples\TimedExamples.csproj", "{A1B2C3D4-0005-0005-0005-000000000005}"
EndProject
Project("{FAE04EC0-301F-11D3-BF4B-00C04F79EFBC}") = "HierarchicalExamples", "examples\HierarchicalExamples\HierarchicalExamples.csproj", "{A1B2C3D4-0006-0006-0006-000000000006}"
EndProject
Project("{FAE04EC0-301F-11D3-BF4B-00C04F79EFBC}") = "CSharPN.Visualizer", "src\CSharPN.Visualizer\CSharPN.Visualizer.csproj", "{A1B2C3D4-0007-0007-0007-000000000007}"
EndProject
Project("{FAE04EC0-301F-11D3-BF4B-00C04F79EFBC}") = "CSharPN.Visualizer.Server", "src\CSharPN.Visualizer.Server\CSharPN.Visualizer.Server.csproj", "{A1B2C3D4-0008-0008-0008-000000000008}"
EndProject
Project("{FAE04EC0-301F-11D3-BF4B-00C04F79EFBC}") = "CSharPN.Wasm", "src\CSharPN.Wasm\CSharPN.Wasm.csproj", "{A1B2C3D4-0009-0009-0009-000000000009}"
EndProject
Project("{FAE04EC0-301F-11D3-BF4B-00C04F79EFBC}") = "UserApi", "examples\UserApi\UserApi.csproj", "{A1B2C3D4-0010-0010-0010-000000000010}"
EndProject
Project("{2150E333-8FDC-42A3-9474-1A3956D46DE8}") = "private-examples", "private-examples", "{F69D879C-2CD2-024F-9673-EDBDFAC39B02}"
EndProject
Project("{2150E333-8FDC-42A3-9474-1A3956D46DE8}") = "tests", "tests", "{0AB3BF05-4346-4AA6-1389-037BE0695223}"
EndProject
Project("{FAE04EC0-301F-11D3-BF4B-00C04F79EFBC}") = "CSharPN.Visualizer.Tests", "tests\CSharPN.Visualizer.Tests\CSharPN.Visualizer.Tests.csproj", "{7C9FA8C0-6075-4066-9158-08D2F2C9F108}"
EndProject
Project("{2150E333-8FDC-42A3-9474-1A3956D46DE8}") = "src", "src", "{827E0CD3-B72D-47B6-A68D-7590B98EB39B}"
EndProject
Project("{2150E333-8FDC-42A3-9474-1A3956D46DE8}") = "examples", "examples", "{B36A84DF-456D-A817-6EDD-3EC3E7F6E11F}"
EndProject
Global
	GlobalSection(SolutionConfigurationPlatforms) = preSolution
		Debug|Any CPU = Debug|Any CPU
		Debug|x64 = Debug|x64
		Debug|x86 = Debug|x86
		Release|Any CPU = Release|Any CPU
		Release|x64 = Release|x64
		Release|x86 = Release|x86
	EndGlobalSection
	GlobalSection(ProjectConfigurationPlatforms) = postSolution
		{A1B2C3D4-0001-0001-0001-000000000001}.Debug|Any CPU.ActiveCfg = Debug|Any CPU
		{A1B2C3D4-0001-0001-0001-000000000001}.Debug|Any CPU.Build.0 = Debug|Any CPU
		{A1B2C3D4-0001-0001-0001-000000000001}.Debug|x64.ActiveCfg = Debug|Any CPU
		{A1B2C3D4-0001-0001-0001-000000000001}.Debug|x64.Build.0 = Debug|Any CPU
		{A1B2C3D4-0001-0001-0001-000000000001}.Debug|x86.ActiveCfg = Debug|Any CPU
		{A1B2C3D4-0001-0001-0001-000000000001}.Debug|x86.Build.0 = Debug|Any CPU
		{A1B2C3D4-0001-0001-0001-000000000001}.Release|Any CPU.ActiveCfg = Release|Any CPU
		{A1B2C3D4-0001-0001-0001-000000000001}.Release|Any CPU.Build.0 = Release|Any CPU
		{A1B2C3D4-0001-0001-0001-000000000001}.Release|x64.ActiveCfg = Release|Any CPU
		{A1B2C3D4-0001-0001-0001-000000000001}.Release|x64.Build.0 = Release|Any CPU
		{A1B2C3D4-0001-0001-0001-000000000001}.Release|x86.ActiveCfg = Release|Any CPU
		{A1B2C3D4-0001-0001-0001-000000000001}.Release|x86.Build.0 = Release|Any CPU
		{A1B2C3D4-0002-0002-0002-000000000002}.Debug|Any CPU.ActiveCfg = Debug|Any CPU
		{A1B2C3D4-0002-0002-0002-000000000002}.Debug|Any CPU.Build.0 = Debug|Any CPU
		{A1B2C3D4-0002-0002-0002-000000000002}.Debug|x64.ActiveCfg = Debug|Any CPU
		{A1B2C3D4-0002-0002-0002-000000000002}.Debug|x64.Build.0 = Debug|Any CPU
		{A1B2C3D4-0002-0002-0002-000000000002}.Debug|x86.ActiveCfg = Debug|Any CPU
		{A1B2C3D4-0002-0002-0002-000000000002}.Debug|x86.Build.0 = Debug|Any CPU
		{A1B2C3D4-0002-0002-0002-000000000002}.Release|Any CPU.ActiveCfg = Release|Any CPU
		{A1B2C3D4-0002-0002-0002-000000000002}.Release|Any CPU.Build.0 = Release|Any CPU
		{A1B2C3D4-0002-0002-0002-000000000002}.Release|x64.ActiveCfg = Release|Any CPU
		{A1B2C3D4-0002-0002-0002-000000000002}.Release|x64.Build.0 = Release|Any CPU
		{A1B2C3D4-0002-0002-0002-000000000002}.Release|x86.ActiveCfg = Release|Any CPU
		{A1B2C3D4-0002-0002-0002-000000000002}.Release|x86.Build.0 = Release|Any CPU
		{A1B2C3D4-0003-0003-0003-000000000003}.Debug|Any CPU.ActiveCfg = Debug|Any CPU
		{A1B2C3D4-0003-0003-0003-000000000003}.Debug|Any CPU.Build.0 = Debug|Any CPU
		{A1B2C3D4-0003-0003-0003-000000000003}.Debug|x64.ActiveCfg = Debug|Any CPU
		{A1B2C3D4-0003-0003-0003-000000000003}.Debug|x64.Build.0 = Debug|Any CPU
		{A1B2C3D4-0003-0003-0003-000000000003}.Debug|x86.ActiveCfg = Debug|Any CPU
		{A1B2C3D4-0003-0003-0003-000000000003}.Debug|x86.Build.0 = Debug|Any CPU
		{A1B2C3D4-0003-0003-0003-000000000003}.Release|Any CPU.ActiveCfg = Release|Any CPU
		{A1B2C3D4-0003-0003-0003-000000000003}.Release|Any CPU.Build.0 = Release|Any CPU
		{A1B2C3D4-0003-0003-0003-000000000003}.Release|x64.ActiveCfg = Release|Any CPU
		{A1B2C3D4-0003-0003-0003-000000000003}.Release|x64.Build.0 = Release|Any CPU
		{A1B2C3D4-0003-0003-0003-000000000003}.Release|x86.ActiveCfg = Release|Any CPU
		{A1B2C3D4-0003-0003-0003-000000000003}.Release|x86.Build.0 = Release|Any CPU
		{A1B2C3D4-0004-0004-0004-000000000004}.Debug|Any CPU.ActiveCfg = Debug|Any CPU
		{A1B2C3D4-0004-0004-0004-000000000004}.Debug|Any CPU.Build.0 = Debug|Any CPU
		{A1B2C3D4-0004-0004-0004-000000000004}.Debug|x64.ActiveCfg = Debug|Any CPU
		{A1B2C3D4-0004-0004-0004-000000000004}.Debug|x64.Build.0 = Debug|Any CPU
		{A1B2C3D4-0004-0004-0004-000000000004}.Debug|x86.ActiveCfg = Debug|Any CPU
		{A1B2C3D4-0004-0004-0004-000000000004}.Debug|x86.Build.0 = Debug|Any CPU
		{A1B2C3D4-0004-0004-0004-000000000004}.Release|Any CPU.ActiveCfg = Release|Any CPU
		{A1B2C3D4-0004-0004-0004-000000000004}.Release|Any CPU.Build.0 = Release|Any CPU
		{A1B2C3D4-0004-0004-0004-000000000004}.Release|x64.ActiveCfg = Release|Any CPU
		{A1B2C3D4-0004-0004-0004-000000000004}.Release|x64.Build.0 = Release|Any CPU
		{A1B2C3D4-0004-0004-0004-000000000004}.Release|x86.ActiveCfg = Release|Any CPU
		{A1B2C3D4-0004-0004-0004-000000000004}.Release|x86.Build.0 = Release|Any CPU
		{A1B2C3D4-0005-0005-0005-000000000005}.Debug|Any CPU.ActiveCfg = Debug|Any CPU
		{A1B2C3D4-0005-0005-0005-000000000005}.Debug|Any CPU.Build.0 = Debug|Any CPU
		{A1B2C3D4-0005-0005-0005-000000000005}.Debug|x64.ActiveCfg = Debug|Any CPU
		{A1B2C3D4-0005-0005-0005-000000000005}.Debug|x64.Build.0 = Debug|Any CPU
		{A1B2C3D4-0005-0005-0005-000000000005}.Debug|x86.ActiveCfg = Debug|Any CPU
		{A1B2C3D4-0005-0005-0005-000000000005}.Debug|x86.Build.0 = Debug|Any CPU
		{A1B2C3D4-0005-0005-0005-000000000005}.Release|Any CPU.ActiveCfg = Release|Any CPU
		{A1B2C3D4-0005-0005-0005-000000000005}.Release|Any CPU.Build.0 = Release|Any CPU
		{A1B2C3D4-0005-0005-0005-000000000005}.Release|x64.ActiveCfg = Release|Any CPU
		{A1B2C3D4-0005-0005-0005-000000000005}.Release|x64.Build.0 = Release|Any CPU
		{A1B2C3D4-0005-0005-0005-000000000005}.Release|x86.ActiveCfg = Release|Any CPU
		{A1B2C3D4-0005-0005-0005-000000000005}.Release|x86.Build.0 = Release|Any CPU
		{A1B2C3D4-0006-0006-0006-000000000006}.Debug|Any CPU.ActiveCfg = Debug|Any CPU
		{A1B2C3D4-0006-0006-0006-000000000006}.Debug|Any CPU.Build.0 = Debug|Any CPU
		{A1B2C3D4-0006-0006-0006-000000000006}.Debug|x64.ActiveCfg = Debug|Any CPU
		{A1B2C3D4-0006-0006-0006-000000000006}.Debug|x64.Build.0 = Debug|Any CPU
		{A1B2C3D4-0006-0006-0006-000000000006}.Debug|x86.ActiveCfg = Debug|Any CPU
		{A1B2C3D4-0006-0006-0006-000000000006}.Debug|x86.Build.0 = Debug|Any CPU
		{A1B2C3D4-0006-0006-0006-000000000006}.Release|Any CPU.ActiveCfg = Release|Any CPU
		{A1B2C3D4-0006-0006-0006-000000000006}.Release|Any CPU.Build.0 = Release|Any CPU
		{A1B2C3D4-0006-0006-0006-000000000006}.Release|x64.ActiveCfg = Release|Any CPU
		{A1B2C3D4-0006-0006-0006-000000000006}.Release|x64.Build.0 = Release|Any CPU
		{A1B2C3D4-0006-0006-0006-000000000006}.Release|x86.ActiveCfg = Release|Any CPU
		{A1B2C3D4-0006-0006-0006-000000000006}.Release|x86.Build.0 = Release|Any CPU
		{A1B2C3D4-0007-0007-0007-000000000007}.Debug|Any CPU.ActiveCfg = Debug|Any CPU
		{A1B2C3D4-0007-0007-0007-000000000007}.Debug|Any CPU.Build.0 = Debug|Any CPU
		{A1B2C3D4-0007-0007-0007-000000000007}.Debug|x64.ActiveCfg = Debug|Any CPU
		{A1B2C3D4-0007-0007-0007-000000000007}.Debug|x64.Build.0 = Debug|Any CPU
		{A1B2C3D4-0007-0007-0007-000000000007}.Debug|x86.ActiveCfg = Debug|Any CPU
		{A1B2C3D4-0007-0007-0007-000000000007}.Debug|x86.Build.0 = Debug|Any CPU
		{A1B2C3D4-0007-0007-0007-000000000007}.Release|Any CPU.ActiveCfg = Release|Any CPU
		{A1B2C3D4-0007-0007-0007-000000000007}.Release|Any CPU.Build.0 = Release|Any CPU
		{A1B2C3D4-0007-0007-0007-000000000007}.Release|x64.ActiveCfg = Release|Any CPU
		{A1B2C3D4-0007-0007-0007-000000000007}.Release|x64.Build.0 = Release|Any CPU
		{A1B2C3D4-0007-0007-0007-000000000007}.Release|x86.ActiveCfg = Release|Any CPU
		{A1B2C3D4-0007-0007-0007-000000000007}.Release|x86.Build.0 = Release|Any CPU
		{A1B2C3D4-0008-0008-0008-000000000008}.Debug|Any CPU.ActiveCfg = Debug|Any CPU
		{A1B2C3D4-0008-0008-0008-000000000008}.Debug|Any CPU.Build.0 = Debug|Any CPU
		{A1B2C3D4-0008-0008-0008-000000000008}.Debug|x64.ActiveCfg = Debug|Any CPU
		{A1B2C3D4-0008-0008-0008-000000000008}.Debug|x64.Build.0 = Debug|Any CPU
		{A1B2C3D4-0008-0008-0008-000000000008}.Debug|x86.ActiveCfg = Debug|Any CPU
		{A1B2C3D4-0008-0008-0008-000000000008}.Debug|x86.Build.0 = Debug|Any CPU
		{A1B2C3D4-0008-0008-0008-000000000008}.Release|Any CPU.ActiveCfg = Release|Any CPU
		{A1B2C3D4-0008-0008-0008-000000000008}.Release|Any CPU.Build.0 = Release|Any CPU
		{A1B2C3D4-0008-0008-0008-000000000008}.Release|x64.ActiveCfg = Release|Any CPU
		{A1B2C3D4-0008-0008-0008-000000000008}.Release|x64.Build.0 = Release|Any CPU
		{A1B2C3D4-0008-0008-0008-000000000008}.Release|x86.ActiveCfg = Release|Any CPU
		{A1B2C3D4-0008-0008-0008-000000000008}.Release|x86.Build.0 = Release|Any CPU
		{A1B2C3D4-0009-0009-0009-000000000009}.Debug|Any CPU.ActiveCfg = Debug|Any CPU
		{A1B2C3D4-0009-0009-0009-000000000009}.Debug|Any CPU.Build.0 = Debug|Any CPU
		{A1B2C3D4-0009-0009-0009-000000000009}.Debug|x64.ActiveCfg = Debug|Any CPU
		{A1B2C3D4-0009-0009-0009-000000000009}.Debug|x64.Build.0 = Debug|Any CPU
		{A1B2C3D4-0009-0009-0009-000000000009}.Debug|x86.ActiveCfg = Debug|Any CPU
		{A1B2C3D4-0009-0009-0009-000000000009}.Debug|x86.Build.0 = Debug|Any CPU
		{A1B2C3D4-0009-0009-0009-000000000009}.Release|Any CPU.ActiveCfg = Release|Any CPU
		{A1B2C3D4-0009-0009-0009-000000000009}.Release|Any CPU.Build.0 = Release|Any CPU
		{A1B2C3D4-0009-0009-0009-000000000009}.Release|x64.ActiveCfg = Release|Any CPU
		{A1B2C3D4-0009-0009-0009-000000000009}.Release|x64.Build.0 = Release|Any CPU
		{A1B2C3D4-0009-0009-0009-000000000009}.Release|x86.ActiveCfg = Release|Any CPU
		{A1B2C3D4-0009-0009-0009-000000000009}.Release|x86.Build.0 = Release|Any CPU
		{A1B2C3D4-0010-0010-0010-000000000010}.Debug|Any CPU.ActiveCfg = Debug|Any CPU
		{A1B2C3D4-0010-0010-0010-000000000010}.Debug|Any CPU.Build.0 = Debug|Any CPU
		{A1B2C3D4-0010-0010-0010-000000000010}.Debug|x64.ActiveCfg = Debug|Any CPU
		{A1B2C3D4-0010-0010-0010-000000000010}.Debug|x64.Build.0 = Debug|Any CPU
		{A1B2C3D4-0010-0010-0010-000000000010}.Debug|x86.ActiveCfg = Debug|Any CPU
		{A1B2C3D4-0010-0010-0010-000000000010}.Debug|x86.Build.0 = Debug|Any CPU
		{A1B2C3D4-0010-0010-0010-000000000010}.Release|Any CPU.ActiveCfg = Release|Any CPU
		{A1B2C3D4-0010-0010-0010-000000000010}.Release|Any CPU.Build.0 = Release|Any CPU
		{A1B2C3D4-0010-0010-0010-000000000010}.Release|x64.ActiveCfg = Release|Any CPU
		{A1B2C3D4-0010-0010-0010-000000000010}.Release|x64.Build.0 = Release|Any CPU
		{A1B2C3D4-0010-0010-0010-000000000010}.Release|x86.ActiveCfg = Release|Any CPU
		{A1B2C3D4-0010-0010-0010-000000000010}.Release|x86.Build.0 = Release|Any CPU
		{7C9FA8C0-6075-4066-9158-08D2F2C9F108}.Debug|Any CPU.ActiveCfg = Debug|Any CPU
		{7C9FA8C0-6075-4066-9158-08D2F2C9F108}.Debug|Any CPU.Build.0 = Debug|Any CPU
		{7C9FA8C0-6075-4066-9158-08D2F2C9F108}.Debug|x64.ActiveCfg = Debug|Any CPU
		{7C9FA8C0-6075-4066-9158-08D2F2C9F108}.Debug|x64.Build.0 = Debug|Any CPU
		{7C9FA8C0-6075-4066-9158-08D2F2C9F108}.Debug|x86.ActiveCfg = Debug|Any CPU
		{7C9FA8C0-6075-4066-9158-08D2F2C9F108}.Debug|x86.Build.0 = Debug|Any CPU
		{7C9FA8C0-6075-4066-9158-08D2F2C9F108}.Release|Any CPU.ActiveCfg = Release|Any CPU
		{7C9FA8C0-6075-4066-9158-08D2F2C9F108}.Release|Any CPU.Build.0 = Release|Any CPU
		{7C9FA8C0-6075-4066-9158-08D2F2C9F108}.Release|x64.ActiveCfg = Release|Any CPU
		{7C9FA8C0-6075-4066-9158-08D2F2C9F108}.Release|x64.Build.0 = Release|Any CPU
		{7C9FA8C0-6075-4066-9158-08D2F2C9F108}.Release|x86.ActiveCfg = Release|Any CPU
		{7C9FA8C0-6075-4066-9158-08D2F2C9F108}.Release|x86.Build.0 = Release|Any CPU
	EndGlobalSection
	GlobalSection(SolutionProperties) = preSolution
		HideSolutionNode = FALSE
	EndGlobalSection
	GlobalSection(NestedProjects) = preSolution
		{7C9FA8C0-6075-4066-9158-08D2F2C9F108} = {0AB3BF05-4346-4AA6-1389-037BE0695223}
	EndGlobalSection
EndGlobal
